
Microsoft Visual Studio Solution File, Format Version 12.00
# Visual Studio 15
VisualStudioVersion = 15.0.28307.852
MinimumVisualStudioVersion = 10.0.40219.1
Project("{9A19103F-16F7-4668-BE54-9A1E7A4F7556}") = "WebmotorsTeste.Web", "WebmotorsTeste.Web\WebmotorsTeste.Web.csproj", "{03C30238-3BC3-4E1F-9935-C51CB9FA8EC6}"
EndProject
Global
	GlobalSection(SolutionConfigurationPlatforms) = preSolution
		Debug|Any CPU = Debug|Any CPU
		Release|Any CPU = Release|Any CPU
	EndGlobalSection
	GlobalSection(ProjectConfigurationPlatforms) = postSolution
		{03C30238-3BC3-4E1F-9935-C51CB9FA8EC6}.Debug|Any CPU.ActiveCfg = Debug|Any CPU
		{03C30238-3BC3-4E1F-9935-C51CB9FA8EC6}.Debug|Any CPU.Build.0 = Debug|Any CPU
		{03C30238-3BC3-4E1F-9935-C51CB9FA8EC6}.Release|Any CPU.ActiveCfg = Release|Any CPU
		{03C30238-3BC3-4E1F-9935-C51CB9FA8EC6}.Release|Any CPU.Build.0 = Release|Any CPU
	EndGlobalSection
	GlobalSection(SolutionProperties) = preSolution
		HideSolutionNode = FALSE
	EndGlobalSection
	GlobalSection(ExtensibilityGlobals) = postSolution
		SolutionGuid = {F4FFD35A-08B7-402C-91D7-CB1D0B79CFBC}
	EndGlobalSection
EndGlobal
